
Microsoft Visual Studio Solution File, Format Version 12.00
# Visual Studio Version 17
VisualStudioVersion = 17.0.32126.317
MinimumVisualStudioVersion = 10.0.40219.1
Project("{9A19103F-16F7-4668-BE54-9A1E7A4F7556}") = "Lab3", "Lab3\Lab3.csproj", "{AECB8D78-D47C-4A51-8258-CCEF8F758356}"
EndProject
Project("{FAE04EC0-301F-11D3-BF4B-00C04F79EFBC}") = "Lab3Tests", "Lab3Tests\Lab3Tests.csproj", "{616C2FBB-7FC4-4F66-A8C2-46CAE4624E1D}"
EndProject
Global
	GlobalSection(SolutionConfigurationPlatforms) = preSolution
		Debug|Any CPU = Debug|Any CPU
		Release|Any CPU = Release|Any CPU
	EndGlobalSection
	GlobalSection(ProjectConfigurationPlatforms) = postSolution
		{AECB8D78-D47C-4A51-8258-CCEF8F758356}.Debug|Any CPU.ActiveCfg = Debug|Any CPU
		{AECB8D78-D47C-4A51-8258-CCEF8F758356}.Debug|Any CPU.Build.0 = Debug|Any CPU
		{AECB8D78-D47C-4A51-8258-CCEF8F758356}.Release|Any CPU.ActiveCfg = Release|Any CPU
		{AECB8D78-D47C-4A51-8258-CCEF8F758356}.Release|Any CPU.Build.0 = Release|Any CPU
		{616C2FBB-7FC4-4F66-A8C2-46CAE4624E1D}.Debug|Any CPU.ActiveCfg = Debug|Any CPU
		{616C2FBB-7FC4-4F66-A8C2-46CAE4624E1D}.Debug|Any CPU.Build.0 = Debug|Any CPU
		{616C2FBB-7FC4-4F66-A8C2-46CAE4624E1D}.Release|Any CPU.ActiveCfg = Release|Any CPU
		{616C2FBB-7FC4-4F66-A8C2-46CAE4624E1D}.Release|Any CPU.Build.0 = Release|Any CPU
	EndGlobalSection
	GlobalSection(SolutionProperties) = preSolution
		HideSolutionNode = FALSE
	EndGlobalSection
	GlobalSection(ExtensibilityGlobals) = postSolution
		SolutionGuid = {1A1DC9E9-2688-4CE7-A682-4AE859531B0C}
	EndGlobalSection
EndGlobal
